Microsoft Visual Studio Solution File, Format Version 11.00
# Visual Studio 2008

Project("{D4B17E84-78EC-12C6-8062-83C049C42669}") = "Royal Plunders", "Assembly-CSharp-firstpass.csproj", "{B12CBB61-436A-EEA9-5F2F-9DD1D17564EA}"
EndProject
Project("{D4B17E84-78EC-12C6-8062-83C049C42669}") = "Royal Plunders", "Assembly-CSharp.csproj", "{E17F09E8-C949-5B64-733B-8352D1B80F6A}"
EndProject
Project("{D4B17E84-78EC-12C6-8062-83C049C42669}") = "Royal Plunders", "Assembly-CSharp-Editor-firstpass.csproj", "{824CBA1B-A9BA-1E92-B184-74C80D9BB5AB}"
EndProject
Project("{D4B17E84-78EC-12C6-8062-83C049C42669}") = "Royal Plunders", "Assembly-CSharp-Editor.csproj", "{3961389D-D292-4654-31E8-4E30CA89748A}"
EndProject
Global
	GlobalSection(SolutionConfigurationPlatforms) = preSolution
		Debug|Any CPU = Debug|Any CPU
		Release|Any CPU = Release|Any CPU
	EndGlobalSection
	GlobalSection(ProjectConfigurationPlatforms) = postSolution
		{B12CBB61-436A-EEA9-5F2F-9DD1D17564EA}.Debug|Any CPU.ActiveCfg = Debug|Any CPU
		{B12CBB61-436A-EEA9-5F2F-9DD1D17564EA}.Debug|Any CPU.Build.0 = Debug|Any CPU
		{B12CBB61-436A-EEA9-5F2F-9DD1D17564EA}.Release|Any CPU.ActiveCfg = Release|Any CPU
		{B12CBB61-436A-EEA9-5F2F-9DD1D17564EA}.Release|Any CPU.Build.0 = Release|Any CPU
		{E17F09E8-C949-5B64-733B-8352D1B80F6A}.Debug|Any CPU.ActiveCfg = Debug|Any CPU
		{E17F09E8-C949-5B64-733B-8352D1B80F6A}.Debug|Any CPU.Build.0 = Debug|Any CPU
		{E17F09E8-C949-5B64-733B-8352D1B80F6A}.Release|Any CPU.ActiveCfg = Release|Any CPU
		{E17F09E8-C949-5B64-733B-8352D1B80F6A}.Release|Any CPU.Build.0 = Release|Any CPU
		{824CBA1B-A9BA-1E92-B184-74C80D9BB5AB}.Debug|Any CPU.ActiveCfg = Debug|Any CPU
		{824CBA1B-A9BA-1E92-B184-74C80D9BB5AB}.Debug|Any CPU.Build.0 = Debug|Any CPU
		{824CBA1B-A9BA-1E92-B184-74C80D9BB5AB}.Release|Any CPU.ActiveCfg = Release|Any CPU
		{824CBA1B-A9BA-1E92-B184-74C80D9BB5AB}.Release|Any CPU.Build.0 = Release|Any CPU
		{3961389D-D292-4654-31E8-4E30CA89748A}.Debug|Any CPU.ActiveCfg = Debug|Any CPU
		{3961389D-D292-4654-31E8-4E30CA89748A}.Debug|Any CPU.Build.0 = Debug|Any CPU
		{3961389D-D292-4654-31E8-4E30CA89748A}.Release|Any CPU.ActiveCfg = Release|Any CPU
		{3961389D-D292-4654-31E8-4E30CA89748A}.Release|Any CPU.Build.0 = Release|Any CPU
	EndGlobalSection
	GlobalSection(SolutionProperties) = preSolution
		HideSolutionNode = FALSE
	EndGlobalSection
	GlobalSection(MonoDevelopProperties) = preSolution
		StartupItem = Assembly-CSharp.csproj
	EndGlobalSection
EndGlobal
